PODS:
  - Amplify (1.30.4):
    - Amplify/Default (= 1.30.4)
  - Amplify/Default (1.30.4)
  - amplify_auth_cognito_ios (0.0.1):
    - Amplify (= 1.30.4)
    - amplify_core
    - AmplifyPlugins/AWSCognitoAuthPlugin (= 1.30.4)
    - Flutter
    - ObjectMapper
  - amplify_core (0.0.1):
    - Flutter
    - SwiftFormat/CLI
    - SwiftLint (= 0.48.0)
  - amplify_flutter_ios (0.0.1):
    - Amplify (= 1.30.4)
    - amplify_core
    - AmplifyPlugins/AWSCognitoAuthPlugin (= 1.30.4)
    - AWSPluginsCore (= 1.30.4)
    - Flutter
    - SwiftFormat/CLI
    - SwiftLint (= 0.48.0)
  - amplify_storage_s3_ios (0.0.1):
    - Amplify (= 1.30.4)
    - amplify_core
    - AmplifyPlugins/AWSS3StoragePlugin (= 1.30.4)
    - Flutter
  - AmplifyPlugins/AWSCognitoAuthPlugin (1.30.4):
    - AWSAuthCore (~> 2.33.0)
    - AWSCognitoIdentityProvider (~> 2.33.0)
    - AWSCognitoIdentityProviderASF (~> 2.33.0)
    - AWSCore (~> 2.33.0)
    - AWSMobileClient (~> 2.33.0)
    - AWSPluginsCore (= 1.30.4)
  - AmplifyPlugins/AWSS3StoragePlugin (1.30.4):
    - AWSCore (~> 2.33.0)
    - AWSPluginsCore (= 1.30.4)
    - AWSS3 (~> 2.33.0)
  - AppAuth (1.7.6):
    - AppAuth/Core (= 1.7.6)
    - AppAuth/ExternalUserAgent (= 1.7.6)
  - AppAuth/Core (1.7.6)
  - AppAuth/ExternalUserAgent (1.7.6):
    - AppAuth/Core
  - AWSAuthCore (2.33.10):
    - AWSCore (= 2.33.10)
  - AWSCognitoIdentityProvider (2.33.10):
    - AWSCognitoIdentityProviderASF (= 2.33.10)
    - AWSCore (= 2.33.10)
  - AWSCognitoIdentityProviderASF (2.33.10):
    - AWSCore (= 2.33.10)
  - AWSCore (2.33.10)
  - AWSMobileClient (2.33.10):
    - AWSAuthCore (= 2.33.10)
    - AWSCognitoIdentityProvider (= 2.33.10)
    - AWSCognitoIdentityProviderASF (= 2.33.10)
    - AWSCore (= 2.33.10)
  - AWSPluginsCore (1.30.4):
    - Amplify (= 1.30.4)
    - AWSCore (~> 2.33.0)
  - AWSS3 (2.33.10):
    - AWSCore (= 2.33.10)
  - Flutter (1.0.0)
  - flutter_barcode_scanner (2.0.0):
    - Flutter
  - google_sign_in_ios (0.0.1):
    - AppAuth (>= 1.7.4)
    - Flutter
    - FlutterMacOS
    - GoogleSignIn (~> 7.1)
    - GTMSessionFetcher (>= 3.4.0)
  - GoogleSignIn (7.1.0):
    - AppAuth (< 2.0, >= 1.7.3)
    - GTMAppAuth (< 5.0, >= 4.1.1)
    - GTMSessionFetcher/Core (~> 3.3)
  - GTMAppAuth (4.1.1):
    - AppAuth/Core (~> 1.7)
    - GTMSessionFetcher/Core (< 4.0, >= 3.3)
  - GTMSessionFetcher (3.5.0):
    - GTMSessionFetcher/Full (= 3.5.0)
  - GTMSessionFetcher/Core (3.5.0)
  - GTMSessionFetcher/Full (3.5.0):
    - GTMSessionFetcher/Core
  - image_picker_ios (0.0.1):
    - Flutter
  - ObjectMapper (4.2.0)
  - path_provider_foundation (0.0.1):
    - Flutter
    - FlutterMacOS
  - shared_preferences_foundation (0.0.1):
    - Flutter
    - FlutterMacOS
  - sqflite_darwin (0.0.4):
    - Flutter
    - FlutterMacOS
  - SwiftFormat/CLI (0.55.0)
  - SwiftLint (0.48.0)

DEPENDENCIES:
  - amplify_auth_cognito_ios (from `.symlinks/plugins/amplify_auth_cognito_ios/ios`)
  - amplify_core (from `.symlinks/plugins/amplify_core/ios`)
  - amplify_flutter_ios (from `.symlinks/plugins/amplify_flutter_ios/ios`)
  - amplify_storage_s3_ios (from `.symlinks/plugins/amplify_storage_s3_ios/ios`)
  - Flutter (from `Flutter`)
  - flutter_barcode_scanner (from `.symlinks/plugins/flutter_barcode_scanner/ios`)
  - google_sign_in_ios (from `.symlinks/plugins/google_sign_in_ios/darwin`)
  - image_picker_ios (from `.symlinks/plugins/image_picker_ios/ios`)
  - path_provider_foundation (from `.symlinks/plugins/path_provider_foundation/darwin`)
  - shared_preferences_foundation (from `.symlinks/plugins/shared_preferences_foundation/darwin`)
  - sqflite_darwin (from `.symlinks/plugins/sqflite_darwin/darwin`)

SPEC REPOS:
  trunk:
    - Amplify
    - AmplifyPlugins
    - AppAuth
    - AWSAuthCore
    - AWSCognitoIdentityProvider
    - AWSCognitoIdentityProviderASF
    - AWSCore
    - AWSMobileClient
    - AWSPluginsCore
    - AWSS3
    - GoogleSignIn
    - GTMAppAuth
    - GTMSessionFetcher
    - ObjectMapper
    - SwiftFormat
    - SwiftLint

EXTERNAL SOURCES:
  amplify_auth_cognito_ios:
    :path: ".symlinks/plugins/amplify_auth_cognito_ios/ios"
  amplify_core:
    :path: ".symlinks/plugins/amplify_core/ios"
  amplify_flutter_ios:
    :path: ".symlinks/plugins/amplify_flutter_ios/ios"
  amplify_storage_s3_ios:
    :path: ".symlinks/plugins/amplify_storage_s3_ios/ios"
  Flutter:
    :path: Flutter
  flutter_barcode_scanner:
    :path: ".symlinks/plugins/flutter_barcode_scanner/ios"
  google_sign_in_ios:
    :path: ".symlinks/plugins/google_sign_in_ios/darwin"
  image_picker_ios:
    :path: ".symlinks/plugins/image_picker_ios/ios"
  path_provider_foundation:
    :path: ".symlinks/plugins/path_provider_foundation/darwin"
  shared_preferences_foundation:
    :path: ".symlinks/plugins/shared_preferences_foundation/darwin"
  sqflite_darwin:
    :path: ".symlinks/plugins/sqflite_darwin/darwin"

SPEC CHECKSUMS:
  Amplify: 4e41668c8801667e174ab50c12bc3099c71a257f
  amplify_auth_cognito_ios: 1eb4d4106133efec809dcaf73ccba5f4cf629b7b
  amplify_core: 6b0b5da4041cfd4c1887790dce4e7d5a6ca2f10f
  amplify_flutter_ios: 0e37ae2de5b77e8f64bf0a0cc87e838fb110c55e
  amplify_storage_s3_ios: c880b39aaf272a59b25840317a55103c9a57d4f8
  AmplifyPlugins: 1335f0919aa07329df58685a020f2311c75a5176
  AppAuth: d4f13a8fe0baf391b2108511793e4b479691fb73
  AWSAuthCore: dfaed2a858cdb320c6c9c5c94c4de97bbaa76dad
  AWSCognitoIdentityProvider: 4cb2d157236eb5da17c8acc18e6c2e3b7b3a739e
  AWSCognitoIdentityProviderASF: af81ced9e3d1e14634e33abbd2343c2c9b5c8138
  AWSCore: 3c1a3dad47fcf9db8bebc633f296f10b690328c6
  AWSMobileClient: 9df04a49060cae075dbba851c8281e1f0c90d112
  AWSPluginsCore: f2188458c27e6cb09597c67876f80611d14275d7
  AWSS3: 63eaa9993edea13160eec1f032978b179a2807fa
  Flutter: e0871f40cf51350855a761d2e70bf5af5b9b5de7
  flutter_barcode_scanner: c5aa9f51c150a6242fa392386bd52b64bb27fcb5
  google_sign_in_ios: 19297361f2c51d7d8ac0201b866ef1fa5d1f94a8
  GoogleSignIn: d4281ab6cf21542b1cfaff85c191f230b399d2db
  GTMAppAuth: f69bd07d68cd3b766125f7e072c45d7340dea0de
  GTMSessionFetcher: 5aea5ba6bd522a239e236100971f10cb71b96ab6
  image_picker_ios: 7fe1ff8e34c1790d6fff70a32484959f563a928a
  ObjectMapper: 1eb41f610210777375fa806bf161dc39fb832b81
  path_provider_foundation: 080d55be775b7414fd5a5ef3ac137b97b097e564
  shared_preferences_foundation: 9e1978ff2562383bd5676f64ec4e9aa8fa06a6f7
  sqflite_darwin: 20b2a3a3b70e43edae938624ce550a3cbf66a3d0
  SwiftFormat: 3e150b22884bcd4b0f8c91a84409996a3e7ca8dc
  SwiftLint: 284cea64b6187c5d6bd83e9a548a64104d546447

PODFILE CHECKSUM: 819463e6a0290f5a72f145ba7cde16e8b6ef0796

COCOAPODS: 1.16.2
